// !$*UTF8*$!
{
	archiveVersion = 1;
	classes = {
	};
	objectVersion = 50;
	objects = {

/* Begin PBXBuildFile section */
		248FE95B2211919F00CC2F31 /* AppDelegate.swift in Sources */ = {isa = PBXBuildFile; fileRef = 248FE95A2211919F00CC2F31 /* AppDelegate.swift */; };
		248FE95D2211919F00CC2F31 /* ViewController.swift in Sources */ = {isa = PBXBuildFile; fileRef = 248FE95C2211919F00CC2F31 /* ViewController.swift */; };
		248FE9602211919F00CC2F31 /* Main.storyboard in Resources */ = {isa = PBXBuildFile; fileRef = 248FE95E2211919F00CC2F31 /* Main.storyboard */; };
		248FE9622211919F00CC2F31 /* Assets.xcassets in Resources */ = {isa = PBXBuildFile; fileRef = 248FE9612211919F00CC2F31 /* Assets.xcassets */; };
		248FE9652211919F00CC2F31 /* LaunchScreen.storyboard in Resources */ = {isa = PBXBuildFile; fileRef = 248FE9632211919F00CC2F31 /* LaunchScreen.storyboard */; };
		6A2BA8764EE34773A5560247 /* Pods_websocket.framework in Frameworks */ = {isa = PBXBuildFile; fileRef = 7E3F498F8125D08F4A6D379C /* Pods_websocket.framework */; };
/* End PBXBuildFile section */

/* Begin PBXFileReference section */
		0BE56521D7D0AE69038F3CD2 /* Pods-websocket.release.xcconfig */ = {isa = PBXFileReference; includeInIndex = 1; lastKnownFileType = text.xcconfig; name = "Pods-websocket.release.xcconfig"; path = "Pods/Target Support Files/Pods-websocket/Pods-websocket.release.xcconfig"; sourceTree = "<group>"; };
		248FE9572211919F00CC2F31 /* websocket.app */ = {isa = PBXFileReference; explicitFileType = wrapper.application; includeInIndex = 0; path = websocket.app; sourceTree = BUILT_PRODUCTS_DIR; };
		248FE95A2211919F00CC2F31 /* AppDelegate.swift */ = {isa = PBXFileReference; lastKnownFileType = sourcecode.swift; path = AppDelegate.swift; sourceTree = "<group>"; };
		248FE95C2211919F00CC2F31 /* ViewController.swift */ = {isa = PBXFileReference; lastKnownFileType = sourcecode.swift; path = ViewController.swift; sourceTree = "<group>"; };
		248FE95F2211919F00CC2F31 /* Base */ = {isa = PBXFileReference; lastKnownFileType = file.storyboard; name = Base; path = Base.lproj/Main.storyboard; sourceTree = "<group>"; };
		248FE9612211919F00CC2F31 /* Assets.xcassets */ = {isa = PBXFileReference; lastKnownFileType = folder.assetcatalog; path = Assets.xcassets; sourceTree = "<group>"; };
		248FE9642211919F00CC2F31 /* Base */ = {isa = PBXFileReference; lastKnownFileType = file.storyboard; name = Base; path = Base.lproj/LaunchScreen.storyboard; sourceTree = "<group>"; };
		248FE9662211919F00CC2F31 /* Info.plist */ = {isa = PBXFileReference; lastKnownFileType = text.plist.xml; path = Info.plist; sourceTree = "<group>"; };
		7E3F498F8125D08F4A6D379C /* Pods_websocket.framework */ = {isa = PBXFileReference; explicitFileType = wrapper.framework; includeInIndex = 0; path = Pods_websocket.framework; sourceTree = BUILT_PRODUCTS_DIR; };
		F4EACD7FFA48A249CC69A909 /* Pods-websocket.debug.xcconfig */ = {isa = PBXFileReference; includeInIndex = 1; lastKnownFileType = text.xcconfig; name = "Pods-websocket.debug.xcconfig"; path = "Pods/Target Support Files/Pods-websocket/Pods-websocket.debug.xcconfig"; sourceTree = "<group>"; };
/* End PBXFileReference section */

/* Begin PBXFrameworksBuildPhase section */
		248FE9542211919F00CC2F31 /* Frameworks */ = {
			isa = PBXFrameworksBuildPhase;
			buildActionMask = 2147483647;
			files = (
				6A2BA8764EE34773A5560247 /* Pods_websocket.framework in Frameworks */,
			);
			runOnlyForDeploymentPostprocessing = 0;
		};
/* End PBXFrameworksBuildPhase section */

/* Begin PBXGroup section */
		16A71EBFB5204A0E6E7877C9 /* Pods */ = {
			isa = PBXGroup;
			children = (
				F4EACD7FFA48A249CC69A909 /* Pods-websocket.debug.xcconfig */,
				0BE56521D7D0AE69038F3CD2 /* Pods-websocket.release.xcconfig */,
			);
			name = Pods;
			sourceTree = "<group>";
		};
		248FE94E2211919F00CC2F31 = {
			isa = PBXGroup;
			children = (
				248FE9592211919F00CC2F31 /* websocket */,
				248FE9582211919F00CC2F31 /* Products */,
				16A71EBFB5204A0E6E7877C9 /* Pods */,
				DAC3B5C7892258F5661E3FC2 /* Frameworks */,
			);
			sourceTree = "<group>";
		};
		248FE9582211919F00CC2F31 /* Products */ = {
			isa = PBXGroup;
			children = (
				248FE9572211919F00CC2F31 /* websocket.app */,
			);
			name = Products;
			sourceTree = "<group>";
		};
		248FE9592211919F00CC2F31 /* websocket */ = {
			isa = PBXGroup;
			children = (
				248FE95A2211919F00CC2F31 /* AppDelegate.swift */,
				248FE95C2211919F00CC2F31 /* ViewController.swift */,
				248FE95E2211919F00CC2F31 /* Main.storyboard */,
				248FE9612211919F00CC2F31 /* Assets.xcassets */,
				248FE9632211919F00CC2F31 /* LaunchScreen.storyboard */,
				248FE9662211919F00CC2F31 /* Info.plist */,
			);
			path = websocket;
			sourceTree = "<group>";
		};
		DAC3B5C7892258F5661E3FC2 /* Frameworks */ = {
			isa = PBXGroup;
			children = (
				7E3F498F8125D08F4A6D379C /* Pods_websocket.framework */,
			);
			name = Frameworks;
			sourceTree = "<group>";
		};
/* End PBXGroup section */

/* Begin PBXNativeTarget section */
		248FE9562211919F00CC2F31 /* websocket */ = {
			isa = PBXNativeTarget;
			buildConfigurationList = 248FE9692211919F00CC2F31 /* Build configuration list for PBXNativeTarget "websocket" */;
			buildPhases = (
				54A0D4212FC775433FD181CF /* [CP] Check Pods Manifest.lock */,
				248FE9532211919F00CC2F31 /* Sources */,
				248FE9542211919F00CC2F31 /* Frameworks */,
				248FE9552211919F00CC2F31 /* Resources */,
				92780A21D6179F09040D0E5A /* [CP] Embed Pods Frameworks */,
			);
			buildRules = (
			);
			dependencies = (
			);
			name = websocket;
			productName = websocket;
			productReference = 248FE9572211919F00CC2F31 /* websocket.app */;
			productType = "com.apple.product-type.application";
		};
/* End PBXNativeTarget section */

/* Begin PBXProject section */
		248FE94F2211919F00CC2F31 /* Project object */ = {
			isa = PBXProject;
			attributes = {
				LastSwiftUpdateCheck = 1010;
				LastUpgradeCheck = 1010;
				ORGANIZATIONNAME = Lilly;
				TargetAttributes = {
					248FE9562211919F00CC2F31 = {
						CreatedOnToolsVersion = 10.1;
					};
				};
			};
			buildConfigurationList = 248FE9522211919F00CC2F31 /* Build configuration list for PBXProject "websocket" */;
			compatibilityVersion = "Xcode 9.3";
			developmentRegion = en;
			hasScannedForEncodings = 0;
			knownRegions = (
				en,
				Base,
			);
			mainGroup = 248FE94E2211919F00CC2F31;
			productRefGroup = 248FE9582211919F00CC2F31 /* Products */;
			projectDirPath = "";
			projectRoot = "";
			targets = (
				248FE9562211919F00CC2F31 /* websocket */,
			);
		};
/* End PBXProject section */

/* Begin PBXResourcesBuildPhase section */
		248FE9552211919F00CC2F31 /* Resources */ = {
			isa = PBXResourcesBuildPhase;
			buildActionMask = 2147483647;
			files = (
				248FE9652211919F00CC2F31 /* LaunchScreen.storyboard in Resources */,
				248FE9622211919F00CC2F31 /* Assets.xcassets in Resources */,
				248FE9602211919F00CC2F31 /* Main.storyboard in Resources */,
			);
			runOnlyForDeploymentPostprocessing = 0;
		};
/* End PBXResourcesBuildPhase section */

/* Begin PBXShellScriptBuildPhase section */
		54A0D4212FC775433FD181CF /* [CP] Check Pods Manifest.lock */ = {
			isa = PBXShellScriptBuildPhase;
			buildActionMask = 2147483647;
			files = (
			);
			inputFileListPaths = (
			);
			inputPaths = (
				"${PODS_PODFILE_DIR_PATH}/Podfile.lock",
				"${PODS_ROOT}/Manifest.lock",
			);
			name = "[CP] Check Pods Manifest.lock";
			outputFileListPaths = (
			);
			outputPaths = (
				"$(DERIVED_FILE_DIR)/Pods-websocket-checkManifestLockResult.txt",
			);
			runOnlyForDeploymentPostprocessing = 0;
			shellPath = /bin/sh;
			shellScript = "diff \"${PODS_PODFILE_DIR_PATH}/Podfile.lock\" \"${PODS_ROOT}/Manifest.lock\" > /dev/null\nif [ $? != 0 ] ; then\n    # print error to STDERR\n    echo \"error: The sandbox is not in sync with the Podfile.lock. Run 'pod install' or update your CocoaPods installation.\" >&2\n    exit 1\nfi\n# This output is used by Xcode 'outputs' to avoid re-running this script phase.\necho \"SUCCESS\" > \"${SCRIPT_OUTPUT_FILE_0}\"\n";
			showEnvVarsInLog = 0;
		};
		92780A21D6179F09040D0E5A /* [CP] Embed Pods Frameworks */ = {
			isa = PBXShellScriptBuildPhase;
			buildActionMask = 2147483647;
			files = (
			);
			inputFileListPaths = (
			);
			inputPaths = (
				"${SRCROOT}/Pods/Target Support Files/Pods-websocket/Pods-websocket-frameworks.sh",
				"${BUILT_PRODUCTS_DIR}/Starscream/Starscream.framework",
			);
			name = "[CP] Embed Pods Frameworks";
			outputFileListPaths = (
			);
			outputPaths = (
				"${TARGET_BUILD_DIR}/${FRAMEWORKS_FOLDER_PATH}/Starscream.framework",
			);
			runOnlyForDeploymentPostprocessing = 0;
			shellPath = /bin/sh;
			shellScript = "\"${SRCROOT}/Pods/Target Support Files/Pods-websocket/Pods-websocket-frameworks.sh\"\n";
			showEnvVarsInLog = 0;
		};
/* End PBXShellScriptBuildPhase section */

/* Begin PBXSourcesBuildPhase section */
		248FE9532211919F00CC2F31 /* Sources */ = {
			isa = PBXSourcesBuildPhase;
			buildActionMask = 2147483647;
			files = (
				248FE95D2211919F00CC2F31 /* ViewController.swift in Sources */,
				248FE95B2211919F00CC2F31 /* AppDelegate.swift in Sources */,
			);
			runOnlyForDeploymentPostprocessing = 0;
		};
/* End PBXSourcesBuildPhase section */

/* Begin PBXVariantGroup section */
		248FE95E2211919F00CC2F31 /* Main.storyboard */ = {
			isa = PBXVariantGroup;
			children = (
				248FE95F2211919F00CC2F31 /* Base */,
			);
			name = Main.storyboard;
			sourceTree = "<group>";
		};
		248FE9632211919F00CC2F31 /* LaunchScreen.storyboard */ = {
			isa = PBXVariantGroup;
			children = (
				248FE9642211919F00CC2F31 /* Base */,
			);
			name = LaunchScreen.storyboard;
			sourceTree = "<group>";
		};
/* End PBXVariantGroup section */

/* Begin XCBuildConfiguration section */
		248FE9672211919F00CC2F31 /* Debug */ = {
			isa = XCBuildConfiguration;
			buildSettings = {
				ALWAYS_SEARCH_USER_PATHS = NO;
				CLANG_ANALYZER_NONNULL = YES;
				CLANG_ANALYZER_NUMBER_OBJECT_CONVERSION = YES_AGGRESSIVE;
				CLANG_CXX_LANGUAGE_STANDARD = "gnu++14";
				CLANG_CXX_LIBRARY = "libc++";
				CLANG_ENABLE_MODULES = YES;
				CLANG_ENABLE_OBJC_ARC = YES;
				CLANG_ENABLE_OBJC_WEAK = YES;
				CLANG_WARN_BLOCK_CAPTURE_AUTORELEASING = YES;
				CLANG_WARN_BOOL_CONVERSION = YES;
				CLANG_WARN_COMMA = YES;
				CLANG_WARN_CONSTANT_CONVERSION = YES;
				CLANG_WARN_DEPRECATED_OBJC_IMPLEMENTATIONS = YES;
				CLANG_WARN_DIRECT_OBJC_ISA_USAGE = YES_ERROR;
				CLANG_WARN_DOCUMENTATION_COMMENTS = YES;
				CLANG_WARN_EMPTY_BODY = YES;
				CLANG_WARN_ENUM_CONVERSION = YES;
				CLANG_WARN_INFINITE_RECURSION = YES;
				CLANG_WARN_INT_CONVERSION = YES;
				CLANG_WARN_NON_LITERAL_NULL_CONVERSION = YES;
				CLANG_WARN_OBJC_IMPLICIT_RETAIN_SELF = YES;
				CLANG_WARN_OBJC_LITERAL_CONVERSION = YES;
				CLANG_WARN_OBJC_ROOT_CLASS = YES_ERROR;
				CLANG_WARN_RANGE_LOOP_ANALYSIS = YES;
				CLANG_WARN_STRICT_PROTOTYPES = YES;
				CLANG_WARN_SUSPICIOUS_MOVE = YES;
				CLANG_WARN_UNGUARDED_AVAILABILITY = YES_AGGRESSIVE;
				CLANG_WARN_UNREACHABLE_CODE = YES;
				CLANG_WARN__DUPLICATE_METHOD_MATCH = YES;
				CODE_SIGN_IDENTITY = "iPhone Developer";
				COPY_PHASE_STRIP = NO;
				DEBUG_INFORMATION_FORMAT = dwarf;
				ENABLE_STRICT_OBJC_MSGSEND = YES;
				ENABLE_TESTABILITY = YES;
				GCC_C_LANGUAGE_STANDARD = gnu11;
				GCC_DYNAMIC_NO_PIC = NO;
				GCC_NO_COMMON_BLOCKS = YES;
				GCC_OPTIMIZATION_LEVEL = 0;
				GCC_PREPROCESSOR_DEFINITIONS = (
					"DEBUG=1",
					"$(inherited)",
				);
				GCC_WARN_64_TO_32_BIT_CONVERSION = YES;
				GCC_WARN_ABOUT_RETURN_TYPE = YES_ERROR;
				GCC_WARN_UNDECLARED_SELECTOR = YES;
				GCC_WARN_UNINITIALIZED_AUTOS = YES_AGGRESSIVE;
				GCC_WARN_UNUSED_FUNCTION = YES;
				GCC_WARN_UNUSED_VARIABLE = YES;
				IPHONEOS_DEPLOYMENT_TARGET = 12.1;
				MTL_ENABLE_DEBUG_INFO = INCLUDE_SOURCE;
				MTL_FAST_MATH = YES;
				ONLY_ACTIVE_ARCH = YES;
				SDKROOT = iphoneos;
				SWIFT_ACTIVE_COMPILATION_CONDITIONS = DEBUG;
				SWIFT_OPTIMIZATION_LEVEL = "-Onone";
			};
			name = Debug;
		};
		248FE9682211919F00CC2F31 /* Release */ = {
			isa = XCBuildConfiguration;
			buildSettings = {
				ALWAYS_SEARCH_USER_PATHS = NO;
				CLANG_ANALYZER_NONNULL = YES;
				CLANG_ANALYZER_NUMBER_OBJECT_CONVERSION = YES_AGGRESSIVE;
				CLANG_CXX_LANGUAGE_STANDARD = "gnu++14";
				CLANG_CXX_LIBRARY = "libc++";
				CLANG_ENABLE_MODULES = YES;
				CLANG_ENABLE_OBJC_ARC = YES;
				CLANG_ENABLE_OBJC_WEAK = YES;
				CLANG_WARN_BLOCK_CAPTURE_AUTORELEASING = YES;
				CLANG_WARN_BOOL_CONVERSION = YES;
				CLANG_WARN_COMMA = YES;
				CLANG_WARN_CONSTANT_CONVERSION = YES;
				CLANG_WARN_DEPRECATED_OBJC_IMPLEMENTATIONS = YES;
				CLANG_WARN_DIRECT_OBJC_ISA_USAGE = YES_ERROR;
				CLANG_WARN_DOCUMENTATION_COMMENTS = YES;
				CLANG_WARN_EMPTY_BODY = YES;
				CLANG_WARN_ENUM_CONVERSION = YES;
				CLANG_WARN_INFINITE_RECURSION = YES;
				CLANG_WARN_INT_CONVERSION = YES;
				CLANG_WARN_NON_LITERAL_NULL_CONVERSION = YES;
				CLANG_WARN_OBJC_IMPLICIT_RETAIN_SELF = YES;
				CLANG_WARN_OBJC_LITERAL_CONVERSION = YES;
				CLANG_WARN_OBJC_ROOT_CLASS = YES_ERROR;
				CLANG_WARN_RANGE_LOOP_ANALYSIS = YES;
				CLANG_WARN_STRICT_PROTOTYPES = YES;
				CLANG_WARN_SUSPICIOUS_MOVE = YES;
				CLANG_WARN_UNGUARDED_AVAILABILITY = YES_AGGRESSIVE;
				CLANG_WARN_UNREACHABLE_CODE = YES;
				CLANG_WARN__DUPLICATE_METHOD_MATCH = YES;
				CODE_SIGN_IDENTITY = "iPhone Developer";
				COPY_PHASE_STRIP = NO;
				DEBUG_INFORMATION_FORMAT = "dwarf-with-dsym";
				ENABLE_NS_ASSERTIONS = NO;
				ENABLE_STRICT_OBJC_MSGSEND = YES;
				GCC_C_LANGUAGE_STANDARD = gnu11;
				GCC_NO_COMMON_BLOCKS = YES;
				GCC_WARN_64_TO_32_BIT_CONVERSION = YES;
				GCC_WARN_ABOUT_RETURN_TYPE = YES_ERROR;
				GCC_WARN_UNDECLARED_SELECTOR = YES;
				GCC_WARN_UNINITIALIZED_AUTOS = YES_AGGRESSIVE;
				GCC_WARN_UNUSED_FUNCTION = YES;
				GCC_WARN_UNUSED_VARIABLE = YES;
				IPHONEOS_DEPLOYMENT_TARGET = 12.1;
				MTL_ENABLE_DEBUG_INFO = NO;
				MTL_FAST_MATH = YES;
				SDKROOT = iphoneos;
				SWIFT_COMPILATION_MODE = wholemodule;
				SWIFT_OPTIMIZATION_LEVEL = "-O";
				VALIDATE_PRODUCT = YES;
			};
			name = Release;
		};
		248FE96A2211919F00CC2F31 /* Debug */ = {
			isa = XCBuildConfiguration;
			baseConfigurationReference = F4EACD7FFA48A249CC69A909 /* Pods-websocket.debug.xcconfig */;
			buildSettings = {
				ASSETCATALOG_COMPILER_APPICON_NAME = AppIcon;
				CODE_SIGN_STYLE = Automatic;
				DEVELOPMENT_TEAM = 7629J2B4S7;
				INFOPLIST_FILE = websocket/Info.plist;
				LD_RUNPATH_SEARCH_PATHS = (
					"$(inherited)",
					"@executable_path/Frameworks",
				);
				PRODUCT_BUNDLE_IDENTIFIER = com.lilly.websocket;
				PRODUCT_NAME = "$(TARGET_NAME)";
				SWIFT_VERSION = 4.2;
				TARGETED_DEVICE_FAMILY = "1,2";
			};
			name = Debug;
		};
		248FE96B2211919F00CC2F31 /* Release */ = {
			isa = XCBuildConfiguration;
			baseConfigurationReference = 0BE56521D7D0AE69038F3CD2 /* Pods-websocket.release.xcconfig */;
			buildSettings = {
				ASSETCATALOG_COMPILER_APPICON_NAME = AppIcon;
				CODE_SIGN_STYLE = Automatic;
				DEVELOPMENT_TEAM = 7629J2B4S7;
				INFOPLIST_FILE = websocket/Info.plist;
				LD_RUNPATH_SEARCH_PATHS = (
					"$(inherited)",
					"@executable_path/Frameworks",
				);
				PRODUCT_BUNDLE_IDENTIFIER = com.lilly.websocket;
				PRODUCT_NAME = "$(TARGET_NAME)";
				SWIFT_VERSION = 4.2;
				TARGETED_DEVICE_FAMILY = "1,2";
			};
			name = Release;
		};
/* End XCBuildConfiguration section */

/* Begin XCConfigurationList section */
		248FE9522211919F00CC2F31 /* Build configuration list for PBXProject "websocket" */ = {
			isa = XCConfigurationList;
			buildConfigurations = (
				248FE9672211919F00CC2F31 /* Debug */,
				248FE9682211919F00CC2F31 /* Release */,
			);
			defaultConfigurationIsVisible = 0;
			defaultConfigurationName = Release;
		};
		248FE9692211919F00CC2F31 /* Build configuration list for PBXNativeTarget "websocket" */ = {
			isa = XCConfigurationList;
			buildConfigurations = (
				248FE96A2211919F00CC2F31 /* Debug */,
				248FE96B2211919F00CC2F31 /* Release */,
			);
			defaultConfigurationIsVisible = 0;
			defaultConfigurationName = Release;
		};
/* End XCConfigurationList section */
	};
	rootObject = 248FE94F2211919F00CC2F31 /* Project object */;
}
